// !$*UTF8*$!
{
	archiveVersion = 1;
	classes = {
	};
	objectVersion = 51;
	objects = {

/* Begin PBXBuildFile section */
		36C16A7B4D7A02B3273325DF /* Pods_Parrot.framework in Frameworks */ = {isa = PBXBuildFile; fileRef = 2E2DCBEB81111536476FDAE2 /* Pods_Parrot.framework */; };
		CF00B9A0240B173B00FDDE1F /* GradientView.swift in Sources */ = {isa = PBXBuildFile; fileRef = CF00B99F240B173B00FDDE1F /* GradientView.swift */; };
		CF017B48240BDCB40013D7FD /* MessagesViewController.swift in Sources */ = {isa = PBXBuildFile; fileRef = CF017B47240BDCB40013D7FD /* MessagesViewController.swift */; };
		CF02DE7124438A6300DC055A /* ProfileService.swift in Sources */ = {isa = PBXBuildFile; fileRef = CF02DE7024438A6300DC055A /* ProfileService.swift */; };
		CF02DE7324438ABA00DC055A /* ProfileVCModel.swift in Sources */ = {isa = PBXBuildFile; fileRef = CF02DE7224438ABA00DC055A /* ProfileVCModel.swift */; };
		CF02DE7524439AF200DC055A /* MessagesService.swift in Sources */ = {isa = PBXBuildFile; fileRef = CF02DE7424439AF200DC055A /* MessagesService.swift */; };
		CF02DE7724439E3C00DC055A /* MessagesVCModel.swift in Sources */ = {isa = PBXBuildFile; fileRef = CF02DE7624439E3C00DC055A /* MessagesVCModel.swift */; };
		CF1561A7242468A9008D531C /* Firebase.swift in Sources */ = {isa = PBXBuildFile; fileRef = CF1561A6242468A9008D531C /* Firebase.swift */; };
		CF1C22AD242776CA0004C82D /* HeaderLabel.swift in Sources */ = {isa = PBXBuildFile; fileRef = CF1C22AC242776CA0004C82D /* HeaderLabel.swift */; };
		CF240180240BE61D0075BE25 /* MessageCell.swift in Sources */ = {isa = PBXBuildFile; fileRef = CF24017F240BE61D0075BE25 /* MessageCell.swift */; };
		CF2DCCBE24306D4200259C78 /* ProfileInformation+CoreDataClass.swift in Sources */ = {isa = PBXBuildFile; fileRef = CF2DCCBC24306D4200259C78 /* ProfileInformation+CoreDataClass.swift */; };
		CF2DCCBF24306D4200259C78 /* ProfileInformation+CoreDataProperties.swift in Sources */ = {isa = PBXBuildFile; fileRef = CF2DCCBD24306D4200259C78 /* ProfileInformation+CoreDataProperties.swift */; };
		CF32DEBE243A3911002D6CFF /* GoogleService-Info.plist in Resources */ = {isa = PBXBuildFile; fileRef = CF32DEBD243A3911002D6CFF /* GoogleService-Info.plist */; };
		CF3C762224433518007F2859 /* ChannelsService.swift in Sources */ = {isa = PBXBuildFile; fileRef = CF3C762124433518007F2859 /* ChannelsService.swift */; };
		CF3C76242443388D007F2859 /* ChannelsVCModel.swift in Sources */ = {isa = PBXBuildFile; fileRef = CF3C76232443388D007F2859 /* ChannelsVCModel.swift */; };
		CF70528523FF2DD70095B5C3 /* CustomButton.swift in Sources */ = {isa = PBXBuildFile; fileRef = CF70528423FF2DD70095B5C3 /* CustomButton.swift */; };
		CF751EC72424402800B4239A /* MessageCellModel.swift in Sources */ = {isa = PBXBuildFile; fileRef = CF751EC62424402800B4239A /* MessageCellModel.swift */; };
		CF79628B2449F1A400CE1D41 /* ImagesViewController.swift in Sources */ = {isa = PBXBuildFile; fileRef = CF79628A2449F1A400CE1D41 /* ImagesViewController.swift */; };
		CF79628E2449F26A00CE1D41 /* ImageCell.swift in Sources */ = {isa = PBXBuildFile; fileRef = CF79628C2449F26A00CE1D41 /* ImageCell.swift */; };
		CF79628F2449F26A00CE1D41 /* ImageCell.xib in Resources */ = {isa = PBXBuildFile; fileRef = CF79628D2449F26A00CE1D41 /* ImageCell.xib */; };
		CF7B1AE8244B64990080386A /* ImageRequest.swift in Sources */ = {isa = PBXBuildFile; fileRef = CF7B1AE7244B64990080386A /* ImageRequest.swift */; };
		CF7B1AEA244B65330080386A /* ImageParser.swift in Sources */ = {isa = PBXBuildFile; fileRef = CF7B1AE9244B65330080386A /* ImageParser.swift */; };
		CF7FA898245482B600A61472 /* SingleTouchRecognizer.swift in Sources */ = {isa = PBXBuildFile; fileRef = CF7FA897245482B600A61472 /* SingleTouchRecognizer.swift */; };
		CF9EB68D240933A80081470E /* ChannelsViewController.swift in Sources */ = {isa = PBXBuildFile; fileRef = CF9EB68C240933A80081470E /* ChannelsViewController.swift */; };
		CF9EB68F24093C2D0081470E /* ConfigurableView.swift in Sources */ = {isa = PBXBuildFile; fileRef = CF9EB68E24093C2D0081470E /* ConfigurableView.swift */; };
		CF9EB69324093F430081470E /* ChannelCell.swift in Sources */ = {isa = PBXBuildFile; fileRef = CF9EB69124093F430081470E /* ChannelCell.swift */; };
		CF9EB69424093F430081470E /* ChannelCell.xib in Resources */ = {isa = PBXBuildFile; fileRef = CF9EB69224093F430081470E /* ChannelCell.xib */; };
		CFAD05A2242446F200E471FF /* ChannelModel.swift in Sources */ = {isa = PBXBuildFile; fileRef = CFAD05A1242446F200E471FF /* ChannelModel.swift */; };
		CFAD05A42424524700E471FF /* MessageModel.swift in Sources */ = {isa = PBXBuildFile; fileRef = CFAD05A32424524700E471FF /* MessageModel.swift */; };
		CFAE4D66244A2DEC0009207C /* ImagesVCModel.swift in Sources */ = {isa = PBXBuildFile; fileRef = CFAE4D65244A2DEC0009207C /* ImagesVCModel.swift */; };
		CFAE4D68244A381D0009207C /* ImageService.swift in Sources */ = {isa = PBXBuildFile; fileRef = CFAE4D67244A381D0009207C /* ImageService.swift */; };
		CFAE4D6B244A40DE0009207C /* IRequestSender.swift in Sources */ = {isa = PBXBuildFile; fileRef = CFAE4D6A244A40DE0009207C /* IRequestSender.swift */; };
		CFAE4D6E244A41860009207C /* ImagesParser.swift in Sources */ = {isa = PBXBuildFile; fileRef = CFAE4D6D244A41860009207C /* ImagesParser.swift */; };
		CFAE4D70244A42340009207C /* IParser.swift in Sources */ = {isa = PBXBuildFile; fileRef = CFAE4D6F244A42340009207C /* IParser.swift */; };
		CFAE4D73244A43920009207C /* IRequest.swift in Sources */ = {isa = PBXBuildFile; fileRef = CFAE4D72244A43920009207C /* IRequest.swift */; };
		CFAE4D75244A444B0009207C /* ImagesRequest.swift in Sources */ = {isa = PBXBuildFile; fileRef = CFAE4D74244A444B0009207C /* ImagesRequest.swift */; };
		CFAE4D77244A45E00009207C /* RequestSender.swift in Sources */ = {isa = PBXBuildFile; fileRef = CFAE4D76244A45E00009207C /* RequestSender.swift */; };
		CFAE4D79244A4C910009207C /* RequestsFactory.swift in Sources */ = {isa = PBXBuildFile; fileRef = CFAE4D78244A4C910009207C /* RequestsFactory.swift */; };
		CFB8BF8F24555D65007C1DA1 /* FingerAnimation.swift in Sources */ = {isa = PBXBuildFile; fileRef = CFB8BF8E24555D65007C1DA1 /* FingerAnimation.swift */; };
		CFBC1C3124437646008A45A3 /* Channel+CoreDataClass.swift in Sources */ = {isa = PBXBuildFile; fileRef = CFBC1C2F24437646008A45A3 /* Channel+CoreDataClass.swift */; };
		CFBC1C3224437646008A45A3 /* Channel+CoreDataProperties.swift in Sources */ = {isa = PBXBuildFile; fileRef = CFBC1C3024437646008A45A3 /* Channel+CoreDataProperties.swift */; };
		CFBC1C34244376D6008A45A3 /* RootAssembly.swift in Sources */ = {isa = PBXBuildFile; fileRef = CFBC1C33244376D6008A45A3 /* RootAssembly.swift */; };
		CFBC1C3624437702008A45A3 /* PresentationAssembly.swift in Sources */ = {isa = PBXBuildFile; fileRef = CFBC1C3524437702008A45A3 /* PresentationAssembly.swift */; };
		CFBC1C3824437B48008A45A3 /* ServicesAssembly.swift in Sources */ = {isa = PBXBuildFile; fileRef = CFBC1C3724437B48008A45A3 /* ServicesAssembly.swift */; };
		CFBC1C3A24437C16008A45A3 /* CoreAssembly.swift in Sources */ = {isa = PBXBuildFile; fileRef = CFBC1C3924437C16008A45A3 /* CoreAssembly.swift */; };
		CFDAAC282439EBEF000916EA /* Message+CoreDataClass.swift in Sources */ = {isa = PBXBuildFile; fileRef = CFDAAC242439EBEF000916EA /* Message+CoreDataClass.swift */; };
		CFDAAC292439EBEF000916EA /* Message+CoreDataProperties.swift in Sources */ = {isa = PBXBuildFile; fileRef = CFDAAC252439EBEF000916EA /* Message+CoreDataProperties.swift */; };
		CFE2AED82426634800815E30 /* ChannelCellModel.swift in Sources */ = {isa = PBXBuildFile; fileRef = CFE2AED72426634800815E30 /* ChannelCellModel.swift */; };
		CFEBAC8F242FAF9C0099D2CE /* CoreDataFileManager.swift in Sources */ = {isa = PBXBuildFile; fileRef = CFEBAC8E242FAF9C0099D2CE /* CoreDataFileManager.swift */; };
		CFF6806123F5D98200339A79 /* AppDelegate.swift in Sources */ = {isa = PBXBuildFile; fileRef = CFF6806023F5D98200339A79 /* AppDelegate.swift */; };
		CFF6806523F5D98200339A79 /* ProfileViewController.swift in Sources */ = {isa = PBXBuildFile; fileRef = CFF6806423F5D98200339A79 /* ProfileViewController.swift */; };
		CFF6806B23F5D98200339A79 /* Parrot.xcdatamodeld in Sources */ = {isa = PBXBuildFile; fileRef = CFF6806923F5D98200339A79 /* Parrot.xcdatamodeld */; };
		CFF6806D23F5D98300339A79 /* Assets.xcassets in Resources */ = {isa = PBXBuildFile; fileRef = CFF6806C23F5D98300339A79 /* Assets.xcassets */; };
		CFF6807023F5D98300339A79 /* LaunchScreen.storyboard in Resources */ = {isa = PBXBuildFile; fileRef = CFF6806E23F5D98300339A79 /* LaunchScreen.storyboard */; };
		CFF6807B23F5D98300339A79 /* ParrotTests.swift in Sources */ = {isa = PBXBuildFile; fileRef = CFF6807A23F5D98300339A79 /* ParrotTests.swift */; };
/* End PBXBuildFile section */

/* Begin PBXContainerItemProxy section */
		CFF6807723F5D98300339A79 /* PBXContainerItemProxy */ = {
			isa = PBXContainerItemProxy;
			containerPortal = CFF6805523F5D98200339A79 /* Project object */;
			proxyType = 1;
			remoteGlobalIDString = CFF6805C23F5D98200339A79;
			remoteInfo = Parrot;
		};
/* End PBXContainerItemProxy section */

/* Begin PBXFileReference section */
		2E2DCBEB81111536476FDAE2 /* Pods_Parrot.framework */ = {isa = PBXFileReference; explicitFileType = wrapper.framework; includeInIndex = 0; path = Pods_Parrot.framework; sourceTree = BUILT_PRODUCTS_DIR; };
		8067997FB6B4212DFB0E0D56 /* Pods-Parrot.release.xcconfig */ = {isa = PBXFileReference; includeInIndex = 1; lastKnownFileType = text.xcconfig; name = "Pods-Parrot.release.xcconfig"; path = "Target Support Files/Pods-Parrot/Pods-Parrot.release.xcconfig"; sourceTree = "<group>"; };
		841E8B7C81D12A57EC1C320C /* Pods-Parrot.debug.xcconfig */ = {isa = PBXFileReference; includeInIndex = 1; lastKnownFileType = text.xcconfig; name = "Pods-Parrot.debug.xcconfig"; path = "Target Support Files/Pods-Parrot/Pods-Parrot.debug.xcconfig"; sourceTree = "<group>"; };
		CF00B99F240B173B00FDDE1F /* GradientView.swift */ = {isa = PBXFileReference; lastKnownFileType = sourcecode.swift; path = GradientView.swift; sourceTree = "<group>"; };
		CF017B47240BDCB40013D7FD /* MessagesViewController.swift */ = {isa = PBXFileReference; lastKnownFileType = sourcecode.swift; path = MessagesViewController.swift; sourceTree = "<group>"; };
		CF02DE7024438A6300DC055A /* ProfileService.swift */ = {isa = PBXFileReference; lastKnownFileType = sourcecode.swift; path = ProfileService.swift; sourceTree = "<group>"; };
		CF02DE7224438ABA00DC055A /* ProfileVCModel.swift */ = {isa = PBXFileReference; lastKnownFileType = sourcecode.swift; path = ProfileVCModel.swift; sourceTree = "<group>"; };
		CF02DE7424439AF200DC055A /* MessagesService.swift */ = {isa = PBXFileReference; lastKnownFileType = sourcecode.swift; path = MessagesService.swift; sourceTree = "<group>"; };
		CF02DE7624439E3C00DC055A /* MessagesVCModel.swift */ = {isa = PBXFileReference; lastKnownFileType = sourcecode.swift; path = MessagesVCModel.swift; sourceTree = "<group>"; };
		CF1561A6242468A9008D531C /* Firebase.swift */ = {isa = PBXFileReference; lastKnownFileType = sourcecode.swift; path = Firebase.swift; sourceTree = "<group>"; };
		CF1C22AC242776CA0004C82D /* HeaderLabel.swift */ = {isa = PBXFileReference; lastKnownFileType = sourcecode.swift; path = HeaderLabel.swift; sourceTree = "<group>"; };
		CF24017F240BE61D0075BE25 /* MessageCell.swift */ = {isa = PBXFileReference; lastKnownFileType = sourcecode.swift; path = MessageCell.swift; sourceTree = "<group>"; };
		CF2DCCBC24306D4200259C78 /* ProfileInformation+CoreDataClass.swift */ = {isa = PBXFileReference; lastKnownFileType = sourcecode.swift; path = "ProfileInformation+CoreDataClass.swift"; sourceTree = "<group>"; };
		CF2DCCBD24306D4200259C78 /* ProfileInformation+CoreDataProperties.swift */ = {isa = PBXFileReference; lastKnownFileType = sourcecode.swift; path = "ProfileInformation+CoreDataProperties.swift"; sourceTree = "<group>"; };
		CF32DEBD243A3911002D6CFF /* GoogleService-Info.plist */ = {isa = PBXFileReference; fileEncoding = 4; lastKnownFileType = text.plist.xml; path = "GoogleService-Info.plist"; sourceTree = "<group>"; };
		CF3C762124433518007F2859 /* ChannelsService.swift */ = {isa = PBXFileReference; lastKnownFileType = sourcecode.swift; path = ChannelsService.swift; sourceTree = "<group>"; };
		CF3C76232443388D007F2859 /* ChannelsVCModel.swift */ = {isa = PBXFileReference; lastKnownFileType = sourcecode.swift; path = ChannelsVCModel.swift; sourceTree = "<group>"; };
		CF70528423FF2DD70095B5C3 /* CustomButton.swift */ = {isa = PBXFileReference; lastKnownFileType = sourcecode.swift; path = CustomButton.swift; sourceTree = "<group>"; };
		CF751EC62424402800B4239A /* MessageCellModel.swift */ = {isa = PBXFileReference; lastKnownFileType = sourcecode.swift; path = MessageCellModel.swift; sourceTree = "<group>"; };
		CF79628A2449F1A400CE1D41 /* ImagesViewController.swift */ = {isa = PBXFileReference; lastKnownFileType = sourcecode.swift; path = ImagesViewController.swift; sourceTree = "<group>"; };
		CF79628C2449F26A00CE1D41 /* ImageCell.swift */ = {isa = PBXFileReference; lastKnownFileType = sourcecode.swift; path = ImageCell.swift; sourceTree = "<group>"; };
		CF79628D2449F26A00CE1D41 /* ImageCell.xib */ = {isa = PBXFileReference; lastKnownFileType = file.xib; path = ImageCell.xib; sourceTree = "<group>"; };
		CF7B1AE7244B64990080386A /* ImageRequest.swift */ = {isa = PBXFileReference; lastKnownFileType = sourcecode.swift; path = ImageRequest.swift; sourceTree = "<group>"; };
		CF7B1AE9244B65330080386A /* ImageParser.swift */ = {isa = PBXFileReference; lastKnownFileType = sourcecode.swift; path = ImageParser.swift; sourceTree = "<group>"; };
		CF7FA897245482B600A61472 /* SingleTouchRecognizer.swift */ = {isa = PBXFileReference; lastKnownFileType = sourcecode.swift; path = SingleTouchRecognizer.swift; sourceTree = "<group>"; };
		CF9EB68C240933A80081470E /* ChannelsViewController.swift */ = {isa = PBXFileReference; lastKnownFileType = sourcecode.swift; path = ChannelsViewController.swift; sourceTree = "<group>"; };
		CF9EB68E24093C2D0081470E /* ConfigurableView.swift */ = {isa = PBXFileReference; lastKnownFileType = sourcecode.swift; path = ConfigurableView.swift; sourceTree = "<group>"; };
		CF9EB69124093F430081470E /* ChannelCell.swift */ = {isa = PBXFileReference; lastKnownFileType = sourcecode.swift; path = ChannelCell.swift; sourceTree = "<group>"; };
		CF9EB69224093F430081470E /* ChannelCell.xib */ = {isa = PBXFileReference; lastKnownFileType = file.xib; path = ChannelCell.xib; sourceTree = "<group>"; };
		CFAD05A1242446F200E471FF /* ChannelModel.swift */ = {isa = PBXFileReference; lastKnownFileType = sourcecode.swift; path = ChannelModel.swift; sourceTree = "<group>"; };
		CFAD05A32424524700E471FF /* MessageModel.swift */ = {isa = PBXFileReference; lastKnownFileType = sourcecode.swift; path = MessageModel.swift; sourceTree = "<group>"; };
		CFAE4D65244A2DEC0009207C /* ImagesVCModel.swift */ = {isa = PBXFileReference; lastKnownFileType = sourcecode.swift; path = ImagesVCModel.swift; sourceTree = "<group>"; };
		CFAE4D67244A381D0009207C /* ImageService.swift */ = {isa = PBXFileReference; lastKnownFileType = sourcecode.swift; path = ImageService.swift; sourceTree = "<group>"; };
		CFAE4D6A244A40DE0009207C /* IRequestSender.swift */ = {isa = PBXFileReference; lastKnownFileType = sourcecode.swift; path = IRequestSender.swift; sourceTree = "<group>"; };
		CFAE4D6D244A41860009207C /* ImagesParser.swift */ = {isa = PBXFileReference; lastKnownFileType = sourcecode.swift; path = ImagesParser.swift; sourceTree = "<group>"; };
		CFAE4D6F244A42340009207C /* IParser.swift */ = {isa = PBXFileReference; lastKnownFileType = sourcecode.swift; path = IParser.swift; sourceTree = "<group>"; };
		CFAE4D72244A43920009207C /* IRequest.swift */ = {isa = PBXFileReference; lastKnownFileType = sourcecode.swift; path = IRequest.swift; sourceTree = "<group>"; };
		CFAE4D74244A444B0009207C /* ImagesRequest.swift */ = {isa = PBXFileReference; lastKnownFileType = sourcecode.swift; path = ImagesRequest.swift; sourceTree = "<group>"; };
		CFAE4D76244A45E00009207C /* RequestSender.swift */ = {isa = PBXFileReference; lastKnownFileType = sourcecode.swift; path = RequestSender.swift; sourceTree = "<group>"; };
		CFAE4D78244A4C910009207C /* RequestsFactory.swift */ = {isa = PBXFileReference; lastKnownFileType = sourcecode.swift; path = RequestsFactory.swift; sourceTree = "<group>"; };
		CFB8BF8E24555D65007C1DA1 /* FingerAnimation.swift */ = {isa = PBXFileReference; lastKnownFileType = sourcecode.swift; path = FingerAnimation.swift; sourceTree = "<group>"; };
		CFBC1C2F24437646008A45A3 /* Channel+CoreDataClass.swift */ = {isa = PBXFileReference; lastKnownFileType = sourcecode.swift; path = "Channel+CoreDataClass.swift"; sourceTree = "<group>"; };
		CFBC1C3024437646008A45A3 /* Channel+CoreDataProperties.swift */ = {isa = PBXFileReference; lastKnownFileType = sourcecode.swift; path = "Channel+CoreDataProperties.swift"; sourceTree = "<group>"; };
		CFBC1C33244376D6008A45A3 /* RootAssembly.swift */ = {isa = PBXFileReference; lastKnownFileType = sourcecode.swift; path = RootAssembly.swift; sourceTree = "<group>"; };
		CFBC1C3524437702008A45A3 /* PresentationAssembly.swift */ = {isa = PBXFileReference; lastKnownFileType = sourcecode.swift; path = PresentationAssembly.swift; sourceTree = "<group>"; };
		CFBC1C3724437B48008A45A3 /* ServicesAssembly.swift */ = {isa = PBXFileReference; lastKnownFileType = sourcecode.swift; path = ServicesAssembly.swift; sourceTree = "<group>"; };
		CFBC1C3924437C16008A45A3 /* CoreAssembly.swift */ = {isa = PBXFileReference; lastKnownFileType = sourcecode.swift; path = CoreAssembly.swift; sourceTree = "<group>"; };
		CFDAAC242439EBEF000916EA /* Message+CoreDataClass.swift */ = {isa = PBXFileReference; lastKnownFileType = sourcecode.swift; path = "Message+CoreDataClass.swift"; sourceTree = "<group>"; };
		CFDAAC252439EBEF000916EA /* Message+CoreDataProperties.swift */ = {isa = PBXFileReference; lastKnownFileType = sourcecode.swift; path = "Message+CoreDataProperties.swift"; sourceTree = "<group>"; };
		CFE2AED72426634800815E30 /* ChannelCellModel.swift */ = {isa = PBXFileReference; lastKnownFileType = sourcecode.swift; path = ChannelCellModel.swift; sourceTree = "<group>"; };
		CFEBAC8E242FAF9C0099D2CE /* CoreDataFileManager.swift */ = {isa = PBXFileReference; lastKnownFileType = sourcecode.swift; path = CoreDataFileManager.swift; sourceTree = "<group>"; };
		CFF6805D23F5D98200339A79 /* Parrot.app */ = {isa = PBXFileReference; explicitFileType = wrapper.application; includeInIndex = 0; path = Parrot.app; sourceTree = BUILT_PRODUCTS_DIR; };
		CFF6806023F5D98200339A79 /* AppDelegate.swift */ = {isa = PBXFileReference; lastKnownFileType = sourcecode.swift; path = AppDelegate.swift; sourceTree = "<group>"; };
		CFF6806423F5D98200339A79 /* ProfileViewController.swift */ = {isa = PBXFileReference; lastKnownFileType = sourcecode.swift; path = ProfileViewController.swift; sourceTree = "<group>"; };
		CFF6806A23F5D98200339A79 /* Parrot.xcdatamodel */ = {isa = PBXFileReference; lastKnownFileType = wrapper.xcdatamodel; path = Parrot.xcdatamodel; sourceTree = "<group>"; };
		CFF6806C23F5D98300339A79 /* Assets.xcassets */ = {isa = PBXFileReference; lastKnownFileType = folder.assetcatalog; path = Assets.xcassets; sourceTree = "<group>"; };
		CFF6806F23F5D98300339A79 /* Base */ = {isa = PBXFileReference; lastKnownFileType = file.storyboard; name = Base; path = Base.lproj/LaunchScreen.storyboard; sourceTree = "<group>"; };
		CFF6807123F5D98300339A79 /* Info.plist */ = {isa = PBXFileReference; lastKnownFileType = text.plist.xml; path = Info.plist; sourceTree = "<group>"; };
		CFF6807623F5D98300339A79 /* ParrotTests.xctest */ = {isa = PBXFileReference; explicitFileType = wrapper.cfbundle; includeInIndex = 0; path = ParrotTests.xctest; sourceTree = BUILT_PRODUCTS_DIR; };
		CFF6807A23F5D98300339A79 /* ParrotTests.swift */ = {isa = PBXFileReference; lastKnownFileType = sourcecode.swift; path = ParrotTests.swift; sourceTree = "<group>"; };
		CFF6807C23F5D98300339A79 /* Info.plist */ = {isa = PBXFileReference; lastKnownFileType = text.plist.xml; path = Info.plist; sourceTree = "<group>"; };
/* End PBXFileReference section */

/* Begin PBXFrameworksBuildPhase section */
		CFF6805A23F5D98200339A79 /* Frameworks */ = {
			isa = PBXFrameworksBuildPhase;
			buildActionMask = 2147483647;
			files = (
				36C16A7B4D7A02B3273325DF /* Pods_Parrot.framework in Frameworks */,
			);
			runOnlyForDeploymentPostprocessing = 0;
		};
		CFF6807323F5D98300339A79 /* Frameworks */ = {
			isa = PBXFrameworksBuildPhase;
			buildActionMask = 2147483647;
			files = (
			);
			runOnlyForDeploymentPostprocessing = 0;
		};
/* End PBXFrameworksBuildPhase section */

/* Begin PBXGroup section */
		7413DDE600C4260F7B7B4B0E /* Pods */ = {
			isa = PBXGroup;
			children = (
				841E8B7C81D12A57EC1C320C /* Pods-Parrot.debug.xcconfig */,
				8067997FB6B4212DFB0E0D56 /* Pods-Parrot.release.xcconfig */,
			);
			path = Pods;
			sourceTree = "<group>";
		};
		CF017B49240BDCDE0013D7FD /* MessagesVC */ = {
			isa = PBXGroup;
			children = (
				CF017B47240BDCB40013D7FD /* MessagesViewController.swift */,
				CF02DE7624439E3C00DC055A /* MessagesVCModel.swift */,
				CFAD05A32424524700E471FF /* MessageModel.swift */,
				CF3C761E2443327F007F2859 /* MessageCell */,
			);
			path = MessagesVC;
			sourceTree = "<group>";
		};
		CF2DCCC0243083EC00259C78 /* CoreData */ = {
			isa = PBXGroup;
			children = (
				CFEBAC8E242FAF9C0099D2CE /* CoreDataFileManager.swift */,
				CFDAAC2A2439ECAE000916EA /* Channel */,
				CFDAAC2B2439ECBB000916EA /* Message */,
				CFDAAC192439EA09000916EA /* Profile Information */,
			);
			path = CoreData;
			sourceTree = "<group>";
		};
		CF3C761C2443314C007F2859 /* Modules */ = {
			isa = PBXGroup;
			children = (
				CF9EB69024093F0C0081470E /* ChannelsVC */,
				CF017B49240BDCDE0013D7FD /* MessagesVC */,
				CF7962932449F2B600CE1D41 /* Profile */,
				CF751EC82424412400B4239A /* CustomUI */,
				CF9EB68E24093C2D0081470E /* ConfigurableView.swift */,
			);
			path = Modules;
			sourceTree = "<group>";
		};
		CF3C761D24433230007F2859 /* ChannelCell */ = {
			isa = PBXGroup;
			children = (
				CF9EB69124093F430081470E /* ChannelCell.swift */,
				CFE2AED72426634800815E30 /* ChannelCellModel.swift */,
				CF9EB69224093F430081470E /* ChannelCell.xib */,
			);
			path = ChannelCell;
			sourceTree = "<group>";
		};
		CF3C761E2443327F007F2859 /* MessageCell */ = {
			isa = PBXGroup;
			children = (
				CF24017F240BE61D0075BE25 /* MessageCell.swift */,
				CF751EC62424402800B4239A /* MessageCellModel.swift */,
			);
			path = MessageCell;
			sourceTree = "<group>";
		};
		CF3C761F24433393007F2859 /* Services */ = {
			isa = PBXGroup;
			children = (
				CF3C762124433518007F2859 /* ChannelsService.swift */,
				CF02DE7424439AF200DC055A /* MessagesService.swift */,
				CF02DE7024438A6300DC055A /* ProfileService.swift */,
				CFAE4D67244A381D0009207C /* ImageService.swift */,
			);
			path = Services;
			sourceTree = "<group>";
		};
		CF3C7620244334F4007F2859 /* CoreLayer */ = {
			isa = PBXGroup;
			children = (
				CFBC1C2D2443606C008A45A3 /* Assembly */,
				CFAE4D63244A19580009207C /* Firebase */,
				CF2DCCC0243083EC00259C78 /* CoreData */,
				CFAE4D64244A19750009207C /* Networking */,
			);
			path = CoreLayer;
			sourceTree = "<group>";
		};
		CF751EC124243EE900B4239A /* PresentationLayer */ = {
			isa = PBXGroup;
			children = (
				CFBC1C2B2443604A008A45A3 /* Assembly */,
				CF3C761C2443314C007F2859 /* Modules */,
			);
			path = PresentationLayer;
			sourceTree = "<group>";
		};
		CF751EC224243F6600B4239A /* ServiceLayer */ = {
			isa = PBXGroup;
			children = (
				CFBC1C2C24436060008A45A3 /* Assembly */,
				CF3C761F24433393007F2859 /* Services */,
			);
			path = ServiceLayer;
			sourceTree = "<group>";
		};
		CF751EC82424412400B4239A /* CustomUI */ = {
			isa = PBXGroup;
			children = (
				CF70528423FF2DD70095B5C3 /* CustomButton.swift */,
				CF1C22AC242776CA0004C82D /* HeaderLabel.swift */,
				CF00B99F240B173B00FDDE1F /* GradientView.swift */,
			);
			path = CustomUI;
			sourceTree = "<group>";
		};
		CF7962892449F16200CE1D41 /* ImagesVC */ = {
			isa = PBXGroup;
			children = (
				CF79628A2449F1A400CE1D41 /* ImagesViewController.swift */,
				CFAE4D65244A2DEC0009207C /* ImagesVCModel.swift */,
				CF7962902449F27300CE1D41 /* ImageCell */,
			);
			path = ImagesVC;
			sourceTree = "<group>";
		};
		CF7962902449F27300CE1D41 /* ImageCell */ = {
			isa = PBXGroup;
			children = (
				CF79628C2449F26A00CE1D41 /* ImageCell.swift */,
				CF79628D2449F26A00CE1D41 /* ImageCell.xib */,
			);
			path = ImageCell;
			sourceTree = "<group>";
		};
		CF7962932449F2B600CE1D41 /* Profile */ = {
			isa = PBXGroup;
			children = (
				CFBC1C3B2443856F008A45A3 /* ProfileVC */,
				CF7962892449F16200CE1D41 /* ImagesVC */,
			);
			path = Profile;
			sourceTree = "<group>";
		};
		CF9EB69024093F0C0081470E /* ChannelsVC */ = {
			isa = PBXGroup;
			children = (
				CF9EB68C240933A80081470E /* ChannelsViewController.swift */,
				CF3C76232443388D007F2859 /* ChannelsVCModel.swift */,
				CFAD05A1242446F200E471FF /* ChannelModel.swift */,
				CF3C761D24433230007F2859 /* ChannelCell */,
			);
			path = ChannelsVC;
			sourceTree = "<group>";
		};
		CFAE4D63244A19580009207C /* Firebase */ = {
			isa = PBXGroup;
			children = (
				CF1561A6242468A9008D531C /* Firebase.swift */,
			);
			path = Firebase;
			sourceTree = "<group>";
		};
		CFAE4D64244A19750009207C /* Networking */ = {
			isa = PBXGroup;
			children = (
				CFAE4D69244A40A80009207C /* RequestManager */,
				CFAE4D6C244A415A0009207C /* Parsers */,
				CFAE4D71244A43430009207C /* Requests */,
				CFAE4D78244A4C910009207C /* RequestsFactory.swift */,
			);
			path = Networking;
			sourceTree = "<group>";
		};
		CFAE4D69244A40A80009207C /* RequestManager */ = {
			isa = PBXGroup;
			children = (
				CFAE4D6A244A40DE0009207C /* IRequestSender.swift */,
				CFAE4D76244A45E00009207C /* RequestSender.swift */,
			);
			path = RequestManager;
			sourceTree = "<group>";
		};
		CFAE4D6C244A415A0009207C /* Parsers */ = {
			isa = PBXGroup;
			children = (
				CFAE4D6F244A42340009207C /* IParser.swift */,
				CFAE4D6D244A41860009207C /* ImagesParser.swift */,
				CF7B1AE9244B65330080386A /* ImageParser.swift */,
			);
			path = Parsers;
			sourceTree = "<group>";
		};
		CFAE4D71244A43430009207C /* Requests */ = {
			isa = PBXGroup;
			children = (
				CFAE4D72244A43920009207C /* IRequest.swift */,
				CFAE4D74244A444B0009207C /* ImagesRequest.swift */,
				CF7B1AE7244B64990080386A /* ImageRequest.swift */,
			);
			path = Requests;
			sourceTree = "<group>";
		};
		CFBC1C2B2443604A008A45A3 /* Assembly */ = {
			isa = PBXGroup;
			children = (
				CFBC1C3524437702008A45A3 /* PresentationAssembly.swift */,
			);
			path = Assembly;
			sourceTree = "<group>";
		};
		CFBC1C2C24436060008A45A3 /* Assembly */ = {
			isa = PBXGroup;
			children = (
				CFBC1C3724437B48008A45A3 /* ServicesAssembly.swift */,
			);
			path = Assembly;
			sourceTree = "<group>";
		};
		CFBC1C2D2443606C008A45A3 /* Assembly */ = {
			isa = PBXGroup;
			children = (
				CFBC1C3924437C16008A45A3 /* CoreAssembly.swift */,
			);
			path = Assembly;
			sourceTree = "<group>";
		};
		CFBC1C2E24436249008A45A3 /* Supporting files */ = {
			isa = PBXGroup;
			children = (
				CFF6807123F5D98300339A79 /* Info.plist */,
				CFF6806E23F5D98300339A79 /* LaunchScreen.storyboard */,
				CFF6806C23F5D98300339A79 /* Assets.xcassets */,
				CF32DEBD243A3911002D6CFF /* GoogleService-Info.plist */,
				CFF6806923F5D98200339A79 /* Parrot.xcdatamodeld */,
			);
			path = "Supporting files";
			sourceTree = "<group>";
		};
		CFBC1C3B2443856F008A45A3 /* ProfileVC */ = {
			isa = PBXGroup;
			children = (
				CFF6806423F5D98200339A79 /* ProfileViewController.swift */,
				CF02DE7224438ABA00DC055A /* ProfileVCModel.swift */,
			);
			path = ProfileVC;
			sourceTree = "<group>";
		};
		CFDAAC192439EA09000916EA /* Profile Information */ = {
			isa = PBXGroup;
			children = (
				CF2DCCBC24306D4200259C78 /* ProfileInformation+CoreDataClass.swift */,
				CF2DCCBD24306D4200259C78 /* ProfileInformation+CoreDataProperties.swift */,
			);
			path = "Profile Information";
			sourceTree = "<group>";
		};
		CFDAAC2A2439ECAE000916EA /* Channel */ = {
			isa = PBXGroup;
			children = (
				CFBC1C2F24437646008A45A3 /* Channel+CoreDataClass.swift */,
				CFBC1C3024437646008A45A3 /* Channel+CoreDataProperties.swift */,
			);
			path = Channel;
			sourceTree = "<group>";
		};
		CFDAAC2B2439ECBB000916EA /* Message */ = {
			isa = PBXGroup;
			children = (
				CFDAAC242439EBEF000916EA /* Message+CoreDataClass.swift */,
				CFDAAC252439EBEF000916EA /* Message+CoreDataProperties.swift */,
			);
			path = Message;
			sourceTree = "<group>";
		};
		CFF6805423F5D98200339A79 = {
			isa = PBXGroup;
			children = (
				CFF6805F23F5D98200339A79 /* Parrot */,
				CFF6807923F5D98300339A79 /* ParrotTests */,
				CFF6805E23F5D98200339A79 /* Products */,
				7413DDE600C4260F7B7B4B0E /* Pods */,
				FEACBBAD4CC3FFB44846A404 /* Frameworks */,
			);
			sourceTree = "<group>";
		};
		CFF6805E23F5D98200339A79 /* Products */ = {
			isa = PBXGroup;
			children = (
				CFF6805D23F5D98200339A79 /* Parrot.app */,
				CFF6807623F5D98300339A79 /* ParrotTests.xctest */,
			);
			name = Products;
			sourceTree = "<group>";
		};
		CFF6805F23F5D98200339A79 /* Parrot */ = {
			isa = PBXGroup;
			children = (
				CF751EC124243EE900B4239A /* PresentationLayer */,
				CF751EC224243F6600B4239A /* ServiceLayer */,
				CF3C7620244334F4007F2859 /* CoreLayer */,
				CFF6806023F5D98200339A79 /* AppDelegate.swift */,
				CFBC1C33244376D6008A45A3 /* RootAssembly.swift */,
				CF7FA897245482B600A61472 /* SingleTouchRecognizer.swift */,
				CFB8BF8E24555D65007C1DA1 /* FingerAnimation.swift */,
				CFBC1C2E24436249008A45A3 /* Supporting files */,
			);
			path = Parrot;
			sourceTree = "<group>";
		};
		CFF6807923F5D98300339A79 /* ParrotTests */ = {
			isa = PBXGroup;
			children = (
				CFF6807A23F5D98300339A79 /* ParrotTests.swift */,
				CFF6807C23F5D98300339A79 /* Info.plist */,
			);
			path = ParrotTests;
			sourceTree = "<group>";
		};
		FEACBBAD4CC3FFB44846A404 /* Frameworks */ = {
			isa = PBXGroup;
			children = (
				2E2DCBEB81111536476FDAE2 /* Pods_Parrot.framework */,
			);
			name = Frameworks;
			sourceTree = "<group>";
		};
/* End PBXGroup section */

/* Begin PBXNativeTarget section */
		CFF6805C23F5D98200339A79 /* Parrot */ = {
			isa = PBXNativeTarget;
			buildConfigurationList = CFF6807F23F5D98300339A79 /* Build configuration list for PBXNativeTarget "Parrot" */;
			buildPhases = (
				020483BCD4A9BD2C6881AFC0 /* [CP] Check Pods Manifest.lock */,
				CFF6805923F5D98200339A79 /* Sources */,
				CFF6805A23F5D98200339A79 /* Frameworks */,
				CFF6805B23F5D98200339A79 /* Resources */,
				E7B900871A16BA32092F7D3D /* [CP] Embed Pods Frameworks */,
			);
			buildRules = (
			);
			dependencies = (
			);
			name = Parrot;
			productName = Parrot;
			productReference = CFF6805D23F5D98200339A79 /* Parrot.app */;
			productType = "com.apple.product-type.application";
		};
		CFF6807523F5D98300339A79 /* ParrotTests */ = {
			isa = PBXNativeTarget;
			buildConfigurationList = CFF6808223F5D98300339A79 /* Build configuration list for PBXNativeTarget "ParrotTests" */;
			buildPhases = (
				CFF6807223F5D98300339A79 /* Sources */,
				CFF6807323F5D98300339A79 /* Frameworks */,
				CFF6807423F5D98300339A79 /* Resources */,
			);
			buildRules = (
			);
			dependencies = (
				CFF6807823F5D98300339A79 /* PBXTargetDependency */,
			);
			name = ParrotTests;
			productName = ParrotTests;
			productReference = CFF6807623F5D98300339A79 /* ParrotTests.xctest */;
			productType = "com.apple.product-type.bundle.unit-test";
		};
/* End PBXNativeTarget section */

/* Begin PBXProject section */
		CFF6805523F5D98200339A79 /* Project object */ = {
			isa = PBXProject;
			attributes = {
				LastSwiftUpdateCheck = 1130;
				LastUpgradeCheck = 1130;
				ORGANIZATIONNAME = Oleginc;
				TargetAttributes = {
					CFF6805C23F5D98200339A79 = {
						CreatedOnToolsVersion = 11.3.1;
					};
					CFF6807523F5D98300339A79 = {
						CreatedOnToolsVersion = 11.3.1;
						TestTargetID = CFF6805C23F5D98200339A79;
					};
				};
			};
			buildConfigurationList = CFF6805823F5D98200339A79 /* Build configuration list for PBXProject "Parrot" */;
			compatibilityVersion = "Xcode 9.3";
			developmentRegion = en;
			hasScannedForEncodings = 0;
			knownRegions = (
				en,
				Base,
			);
			mainGroup = CFF6805423F5D98200339A79;
			productRefGroup = CFF6805E23F5D98200339A79 /* Products */;
			projectDirPath = "";
			projectRoot = "";
			targets = (
				CFF6805C23F5D98200339A79 /* Parrot */,
				CFF6807523F5D98300339A79 /* ParrotTests */,
			);
		};
/* End PBXProject section */

/* Begin PBXResourcesBuildPhase section */
		CFF6805B23F5D98200339A79 /* Resources */ = {
			isa = PBXResourcesBuildPhase;
			buildActionMask = 2147483647;
			files = (
				CF9EB69424093F430081470E /* ChannelCell.xib in Resources */,
				CFF6807023F5D98300339A79 /* LaunchScreen.storyboard in Resources */,
				CF32DEBE243A3911002D6CFF /* GoogleService-Info.plist in Resources */,
				CF79628F2449F26A00CE1D41 /* ImageCell.xib in Resources */,
				CFF6806D23F5D98300339A79 /* Assets.xcassets in Resources */,
			);
			runOnlyForDeploymentPostprocessing = 0;
		};
		CFF6807423F5D98300339A79 /* Resources */ = {
			isa = PBXResourcesBuildPhase;
			buildActionMask = 2147483647;
			files = (
			);
			runOnlyForDeploymentPostprocessing = 0;
		};
/* End PBXResourcesBuildPhase section */

/* Begin PBXShellScriptBuildPhase section */
		020483BCD4A9BD2C6881AFC0 /* [CP] Check Pods Manifest.lock */ = {
			isa = PBXShellScriptBuildPhase;
			buildActionMask = 2147483647;
			files = (
			);
			inputFileListPaths = (
			);
			inputPaths = (
				"${PODS_PODFILE_DIR_PATH}/Podfile.lock",
				"${PODS_ROOT}/Manifest.lock",
			);
			name = "[CP] Check Pods Manifest.lock";
			outputFileListPaths = (
			);
			outputPaths = (
				"$(DERIVED_FILE_DIR)/Pods-Parrot-checkManifestLockResult.txt",
			);
			runOnlyForDeploymentPostprocessing = 0;
			shellPath = /bin/sh;
			shellScript = "diff \"${PODS_PODFILE_DIR_PATH}/Podfile.lock\" \"${PODS_ROOT}/Manifest.lock\" > /dev/null\nif [ $? != 0 ] ; then\n    # print error to STDERR\n    echo \"error: The sandbox is not in sync with the Podfile.lock. Run 'pod install' or update your CocoaPods installation.\" >&2\n    exit 1\nfi\n# This output is used by Xcode 'outputs' to avoid re-running this script phase.\necho \"SUCCESS\" > \"${SCRIPT_OUTPUT_FILE_0}\"\n";
			showEnvVarsInLog = 0;
		};
		E7B900871A16BA32092F7D3D /* [CP] Embed Pods Frameworks */ = {
			isa = PBXShellScriptBuildPhase;
			buildActionMask = 2147483647;
			files = (
			);
			inputFileListPaths = (
				"${PODS_ROOT}/Target Support Files/Pods-Parrot/Pods-Parrot-frameworks-${CONFIGURATION}-input-files.xcfilelist",
			);
			name = "[CP] Embed Pods Frameworks";
			outputFileListPaths = (
				"${PODS_ROOT}/Target Support Files/Pods-Parrot/Pods-Parrot-frameworks-${CONFIGURATION}-output-files.xcfilelist",
			);
			runOnlyForDeploymentPostprocessing = 0;
			shellPath = /bin/sh;
			shellScript = "\"${PODS_ROOT}/Target Support Files/Pods-Parrot/Pods-Parrot-frameworks.sh\"\n";
			showEnvVarsInLog = 0;
		};
/* End PBXShellScriptBuildPhase section */

/* Begin PBXSourcesBuildPhase section */
		CFF6805923F5D98200339A79 /* Sources */ = {
			isa = PBXSourcesBuildPhase;
			buildActionMask = 2147483647;
			files = (
				CF70528523FF2DD70095B5C3 /* CustomButton.swift in Sources */,
				CFBC1C3224437646008A45A3 /* Channel+CoreDataProperties.swift in Sources */,
				CF3C762224433518007F2859 /* ChannelsService.swift in Sources */,
				CFAD05A2242446F200E471FF /* ChannelModel.swift in Sources */,
				CFAE4D73244A43920009207C /* IRequest.swift in Sources */,
				CF240180240BE61D0075BE25 /* MessageCell.swift in Sources */,
				CFBC1C34244376D6008A45A3 /* RootAssembly.swift in Sources */,
				CF9EB68D240933A80081470E /* ChannelsViewController.swift in Sources */,
				CF017B48240BDCB40013D7FD /* MessagesViewController.swift in Sources */,
				CFF6806523F5D98200339A79 /* ProfileViewController.swift in Sources */,
				CFEBAC8F242FAF9C0099D2CE /* CoreDataFileManager.swift in Sources */,
				CFB8BF8F24555D65007C1DA1 /* FingerAnimation.swift in Sources */,
				CFDAAC282439EBEF000916EA /* Message+CoreDataClass.swift in Sources */,
				CF9EB68F24093C2D0081470E /* ConfigurableView.swift in Sources */,
				CF2DCCBE24306D4200259C78 /* ProfileInformation+CoreDataClass.swift in Sources */,
				CFBC1C3824437B48008A45A3 /* ServicesAssembly.swift in Sources */,
				CFBC1C3124437646008A45A3 /* Channel+CoreDataClass.swift in Sources */,
				CF1C22AD242776CA0004C82D /* HeaderLabel.swift in Sources */,
				CF7FA898245482B600A61472 /* SingleTouchRecognizer.swift in Sources */,
				CFE2AED82426634800815E30 /* ChannelCellModel.swift in Sources */,
				CFF6806123F5D98200339A79 /* AppDelegate.swift in Sources */,
				CF2DCCBF24306D4200259C78 /* ProfileInformation+CoreDataProperties.swift in Sources */,
				CF79628E2449F26A00CE1D41 /* ImageCell.swift in Sources */,
				CFF6806B23F5D98200339A79 /* Parrot.xcdatamodeld in Sources */,
				CF1561A7242468A9008D531C /* Firebase.swift in Sources */,
				CFAE4D66244A2DEC0009207C /* ImagesVCModel.swift in Sources */,
				CF02DE7724439E3C00DC055A /* MessagesVCModel.swift in Sources */,
				CFAE4D75244A444B0009207C /* ImagesRequest.swift in Sources */,
				CF00B9A0240B173B00FDDE1F /* GradientView.swift in Sources */,
				CF9EB69324093F430081470E /* ChannelCell.swift in Sources */,
				CFAD05A42424524700E471FF /* MessageModel.swift in Sources */,
				CF02DE7324438ABA00DC055A /* ProfileVCModel.swift in Sources */,
				CF02DE7524439AF200DC055A /* MessagesService.swift in Sources */,
				CFAE4D6E244A41860009207C /* ImagesParser.swift in Sources */,
				CFAE4D79244A4C910009207C /* RequestsFactory.swift in Sources */,
				CFAE4D70244A42340009207C /* IParser.swift in Sources */,
				CF7B1AE8244B64990080386A /* ImageRequest.swift in Sources */,
				CFAE4D77244A45E00009207C /* RequestSender.swift in Sources */,
				CFBC1C3A24437C16008A45A3 /* CoreAssembly.swift in Sources */,
				CFDAAC292439EBEF000916EA /* Message+CoreDataProperties.swift in Sources */,
				CFAE4D68244A381D0009207C /* ImageService.swift in Sources */,
				CFBC1C3624437702008A45A3 /* PresentationAssembly.swift in Sources */,
				CF79628B2449F1A400CE1D41 /* ImagesViewController.swift in Sources */,
				CF751EC72424402800B4239A /* MessageCellModel.swift in Sources */,
				CF7B1AEA244B65330080386A /* ImageParser.swift in Sources */,
				CF3C76242443388D007F2859 /* ChannelsVCModel.swift in Sources */,
				CFAE4D6B244A40DE0009207C /* IRequestSender.swift in Sources */,
				CF02DE7124438A6300DC055A /* ProfileService.swift in Sources */,
			);
			runOnlyForDeploymentPostprocessing = 0;
		};
		CFF6807223F5D98300339A79 /* Sources */ = {
			isa = PBXSourcesBuildPhase;
			buildActionMask = 2147483647;
			files = (
				CFF6807B23F5D98300339A79 /* ParrotTests.swift in Sources */,
			);
			runOnlyForDeploymentPostprocessing = 0;
		};
/* End PBXSourcesBuildPhase section */

/* Begin PBXTargetDependency section */
		CFF6807823F5D98300339A79 /* PBXTargetDependency */ = {
			isa = PBXTargetDependency;
			target = CFF6805C23F5D98200339A79 /* Parrot */;
			targetProxy = CFF6807723F5D98300339A79 /* PBXContainerItemProxy */;
		};
/* End PBXTargetDependency section */

/* Begin PBXVariantGroup section */
		CFF6806E23F5D98300339A79 /* LaunchScreen.storyboard */ = {
			isa = PBXVariantGroup;
			children = (
				CFF6806F23F5D98300339A79 /* Base */,
			);
			name = LaunchScreen.storyboard;
			sourceTree = "<group>";
		};
/* End PBXVariantGroup section */

/* Begin XCBuildConfiguration section */
		CFF6807D23F5D98300339A79 /* Debug */ = {
			isa = XCBuildConfiguration;
			buildSettings = {
				ALWAYS_SEARCH_USER_PATHS = NO;
				CLANG_ANALYZER_NONNULL = YES;
				CLANG_ANALYZER_NUMBER_OBJECT_CONVERSION = YES_AGGRESSIVE;
				CLANG_CXX_LANGUAGE_STANDARD = "gnu++14";
				CLANG_CXX_LIBRARY = "libc++";
				CLANG_ENABLE_MODULES = YES;
				CLANG_ENABLE_OBJC_ARC = YES;
				CLANG_ENABLE_OBJC_WEAK = YES;
				CLANG_WARN_BLOCK_CAPTURE_AUTORELEASING = YES;
				CLANG_WARN_BOOL_CONVERSION = YES;
				CLANG_WARN_COMMA = YES;
				CLANG_WARN_CONSTANT_CONVERSION = YES;
				CLANG_WARN_DEPRECATED_OBJC_IMPLEMENTATIONS = YES;
				CLANG_WARN_DIRECT_OBJC_ISA_USAGE = YES_ERROR;
				CLANG_WARN_DOCUMENTATION_COMMENTS = YES;
				CLANG_WARN_EMPTY_BODY = YES;
				CLANG_WARN_ENUM_CONVERSION = YES;
				CLANG_WARN_INFINITE_RECURSION = YES;
				CLANG_WARN_INT_CONVERSION = YES;
				CLANG_WARN_NON_LITERAL_NULL_CONVERSION = YES;
				CLANG_WARN_OBJC_IMPLICIT_RETAIN_SELF = YES;
				CLANG_WARN_OBJC_LITERAL_CONVERSION = YES;
				CLANG_WARN_OBJC_ROOT_CLASS = YES_ERROR;
				CLANG_WARN_RANGE_LOOP_ANALYSIS = YES;
				CLANG_WARN_STRICT_PROTOTYPES = YES;
				CLANG_WARN_SUSPICIOUS_MOVE = YES;
				CLANG_WARN_UNGUARDED_AVAILABILITY = YES_AGGRESSIVE;
				CLANG_WARN_UNREACHABLE_CODE = YES;
				CLANG_WARN__DUPLICATE_METHOD_MATCH = YES;
				COPY_PHASE_STRIP = NO;
				DEBUG_INFORMATION_FORMAT = dwarf;
				ENABLE_STRICT_OBJC_MSGSEND = YES;
				ENABLE_TESTABILITY = YES;
				GCC_C_LANGUAGE_STANDARD = gnu11;
				GCC_DYNAMIC_NO_PIC = NO;
				GCC_NO_COMMON_BLOCKS = YES;
				GCC_OPTIMIZATION_LEVEL = 0;
				GCC_PREPROCESSOR_DEFINITIONS = (
					"DEBUG=1",
					"$(inherited)",
				);
				GCC_WARN_64_TO_32_BIT_CONVERSION = YES;
				GCC_WARN_ABOUT_RETURN_TYPE = YES_ERROR;
				GCC_WARN_UNDECLARED_SELECTOR = YES;
				GCC_WARN_UNINITIALIZED_AUTOS = YES_AGGRESSIVE;
				GCC_WARN_UNUSED_FUNCTION = YES;
				GCC_WARN_UNUSED_VARIABLE = YES;
				IPHONEOS_DEPLOYMENT_TARGET = 13.2;
				MTL_ENABLE_DEBUG_INFO = INCLUDE_SOURCE;
				MTL_FAST_MATH = YES;
				ONLY_ACTIVE_ARCH = YES;
				SDKROOT = iphoneos;
				SWIFT_ACTIVE_COMPILATION_CONDITIONS = DEBUG;
				"SWIFT_ACTIVE_COMPILATION_CONDITIONS[arch=*]" = "";
				SWIFT_OPTIMIZATION_LEVEL = "-Onone";
			};
			name = Debug;
		};
		CFF6807E23F5D98300339A79 /* Release */ = {
			isa = XCBuildConfiguration;
			buildSettings = {
				ALWAYS_SEARCH_USER_PATHS = NO;
				CLANG_ANALYZER_NONNULL = YES;
				CLANG_ANALYZER_NUMBER_OBJECT_CONVERSION = YES_AGGRESSIVE;
				CLANG_CXX_LANGUAGE_STANDARD = "gnu++14";
				CLANG_CXX_LIBRARY = "libc++";
				CLANG_ENABLE_MODULES = YES;
				CLANG_ENABLE_OBJC_ARC = YES;
				CLANG_ENABLE_OBJC_WEAK = YES;
				CLANG_WARN_BLOCK_CAPTURE_AUTORELEASING = YES;
				CLANG_WARN_BOOL_CONVERSION = YES;
				CLANG_WARN_COMMA = YES;
				CLANG_WARN_CONSTANT_CONVERSION = YES;
				CLANG_WARN_DEPRECATED_OBJC_IMPLEMENTATIONS = YES;
				CLANG_WARN_DIRECT_OBJC_ISA_USAGE = YES_ERROR;
				CLANG_WARN_DOCUMENTATION_COMMENTS = YES;
				CLANG_WARN_EMPTY_BODY = YES;
				CLANG_WARN_ENUM_CONVERSION = YES;
				CLANG_WARN_INFINITE_RECURSION = YES;
				CLANG_WARN_INT_CONVERSION = YES;
				CLANG_WARN_NON_LITERAL_NULL_CONVERSION = YES;
				CLANG_WARN_OBJC_IMPLICIT_RETAIN_SELF = YES;
				CLANG_WARN_OBJC_LITERAL_CONVERSION = YES;
				CLANG_WARN_OBJC_ROOT_CLASS = YES_ERROR;
				CLANG_WARN_RANGE_LOOP_ANALYSIS = YES;
				CLANG_WARN_STRICT_PROTOTYPES = YES;
				CLANG_WARN_SUSPICIOUS_MOVE = YES;
				CLANG_WARN_UNGUARDED_AVAILABILITY = YES_AGGRESSIVE;
				CLANG_WARN_UNREACHABLE_CODE = YES;
				CLANG_WARN__DUPLICATE_METHOD_MATCH = YES;
				COPY_PHASE_STRIP = NO;
				DEBUG_INFORMATION_FORMAT = "dwarf-with-dsym";
				ENABLE_NS_ASSERTIONS = NO;
				ENABLE_STRICT_OBJC_MSGSEND = YES;
				GCC_C_LANGUAGE_STANDARD = gnu11;
				GCC_NO_COMMON_BLOCKS = YES;
				GCC_WARN_64_TO_32_BIT_CONVERSION = YES;
				GCC_WARN_ABOUT_RETURN_TYPE = YES_ERROR;
				GCC_WARN_UNDECLARED_SELECTOR = YES;
				GCC_WARN_UNINITIALIZED_AUTOS = YES_AGGRESSIVE;
				GCC_WARN_UNUSED_FUNCTION = YES;
				GCC_WARN_UNUSED_VARIABLE = YES;
				IPHONEOS_DEPLOYMENT_TARGET = 13.2;
				MTL_ENABLE_DEBUG_INFO = NO;
				MTL_FAST_MATH = YES;
				SDKROOT = iphoneos;
				SWIFT_COMPILATION_MODE = wholemodule;
				SWIFT_OPTIMIZATION_LEVEL = "-O";
				VALIDATE_PRODUCT = YES;
			};
			name = Release;
		};
		CFF6808023F5D98300339A79 /* Debug */ = {
			isa = XCBuildConfiguration;
			baseConfigurationReference = 841E8B7C81D12A57EC1C320C /* Pods-Parrot.debug.xcconfig */;
			buildSettings = {
				ASSETCATALOG_COMPILER_APPICON_NAME = AppIcon;
				CODE_SIGN_STYLE = Automatic;
				DEVELOPMENT_TEAM = G62NMGFRS3;
				INFOPLIST_FILE = "Parrot/Supporting files/Info.plist";
				IPHONEOS_DEPLOYMENT_TARGET = 11.0;
				LD_RUNPATH_SEARCH_PATHS = (
					"$(inherited)",
					"@executable_path/Frameworks",
				);
				"OTHER_SWIFT_FLAGS[arch=*]" = "-D SHOWLIFECYCLE";
				PRODUCT_BUNDLE_IDENTIFIER = ru.tinkoff.messenger;
				PRODUCT_NAME = "$(TARGET_NAME)";
				SWIFT_VERSION = 5.0;
				TARGETED_DEVICE_FAMILY = 1;
			};
			name = Debug;
		};
		CFF6808123F5D98300339A79 /* Release */ = {
			isa = XCBuildConfiguration;
			baseConfigurationReference = 8067997FB6B4212DFB0E0D56 /* Pods-Parrot.release.xcconfig */;
			buildSettings = {
				ASSETCATALOG_COMPILER_APPICON_NAME = AppIcon;
				CODE_SIGN_STYLE = Automatic;
				DEVELOPMENT_TEAM = G62NMGFRS3;
				INFOPLIST_FILE = "Parrot/Supporting files/Info.plist";
				IPHONEOS_DEPLOYMENT_TARGET = 11.0;
				LD_RUNPATH_SEARCH_PATHS = (
					"$(inherited)",
					"@executable_path/Frameworks",
				);
				PRODUCT_BUNDLE_IDENTIFIER = ru.tinkoff.messenger;
				PRODUCT_NAME = "$(TARGET_NAME)";
				SWIFT_VERSION = 5.0;
				TARGETED_DEVICE_FAMILY = 1;
			};
			name = Release;
		};
		CFF6808323F5D98300339A79 /* Debug */ = {
			isa = XCBuildConfiguration;
			buildSettings = {
				ALWAYS_EMBED_SWIFT_STANDARD_LIBRARIES = YES;
				BUNDLE_LOADER = "$(TEST_HOST)";
				CODE_SIGN_STYLE = Automatic;
				DEVELOPMENT_TEAM = G62NMGFRS3;
				INFOPLIST_FILE = ParrotTests/Info.plist;
				IPHONEOS_DEPLOYMENT_TARGET = 13.2;
				LD_RUNPATH_SEARCH_PATHS = (
					"$(inherited)",
					"@executable_path/Frameworks",
					"@loader_path/Frameworks",
				);
				PRODUCT_BUNDLE_IDENTIFIER = OGI.ParrotTests;
				PRODUCT_NAME = "$(TARGET_NAME)";
				SWIFT_VERSION = 5.0;
				TARGETED_DEVICE_FAMILY = "1,2";
				TEST_HOST = "$(BUILT_PRODUCTS_DIR)/Parrot.app/Parrot";
			};
			name = Debug;
		};
		CFF6808423F5D98300339A79 /* Release */ = {
			isa = XCBuildConfiguration;
			buildSettings = {
				ALWAYS_EMBED_SWIFT_STANDARD_LIBRARIES = YES;
				BUNDLE_LOADER = "$(TEST_HOST)";
				CODE_SIGN_STYLE = Automatic;
				DEVELOPMENT_TEAM = G62NMGFRS3;
				INFOPLIST_FILE = ParrotTests/Info.plist;
				IPHONEOS_DEPLOYMENT_TARGET = 13.2;
				LD_RUNPATH_SEARCH_PATHS = (
					"$(inherited)",
					"@executable_path/Frameworks",
					"@loader_path/Frameworks",
				);
				PRODUCT_BUNDLE_IDENTIFIER = OGI.ParrotTests;
				PRODUCT_NAME = "$(TARGET_NAME)";
				SWIFT_VERSION = 5.0;
				TARGETED_DEVICE_FAMILY = "1,2";
				TEST_HOST = "$(BUILT_PRODUCTS_DIR)/Parrot.app/Parrot";
			};
			name = Release;
		};
/* End XCBuildConfiguration section */

/* Begin XCConfigurationList section */
		CFF6805823F5D98200339A79 /* Build configuration list for PBXProject "Parrot" */ = {
			isa = XCConfigurationList;
			buildConfigurations = (
				CFF6807D23F5D98300339A79 /* Debug */,
				CFF6807E23F5D98300339A79 /* Release */,
			);
			defaultConfigurationIsVisible = 0;
			defaultConfigurationName = Release;
		};
		CFF6807F23F5D98300339A79 /* Build configuration list for PBXNativeTarget "Parrot" */ = {
			isa = XCConfigurationList;
			buildConfigurations = (
				CFF6808023F5D98300339A79 /* Debug */,
				CFF6808123F5D98300339A79 /* Release */,
			);
			defaultConfigurationIsVisible = 0;
			defaultConfigurationName = Release;
		};
		CFF6808223F5D98300339A79 /* Build configuration list for PBXNativeTarget "ParrotTests" */ = {
			isa = XCConfigurationList;
			buildConfigurations = (
				CFF6808323F5D98300339A79 /* Debug */,
				CFF6808423F5D98300339A79 /* Release */,
			);
			defaultConfigurationIsVisible = 0;
			defaultConfigurationName = Release;
		};
/* End XCConfigurationList section */

/* Begin XCVersionGroup section */
		CFF6806923F5D98200339A79 /* Parrot.xcdatamodeld */ = {
			isa = XCVersionGroup;
			children = (
				CFF6806A23F5D98200339A79 /* Parrot.xcdatamodel */,
			);
			currentVersion = CFF6806A23F5D98200339A79 /* Parrot.xcdatamodel */;
			path = Parrot.xcdatamodeld;
			sourceTree = "<group>";
			versionGroupType = wrapper.xcdatamodel;
		};
/* End XCVersionGroup section */
	};
	rootObject = CFF6805523F5D98200339A79 /* Project object */;
}
